
Microsoft Visual Studio Solution File, Format Version 9.00
# Visual Studio 2005
# SharpDevelop 2.2.0.2595
Project("{FAE04EC0-301F-11D3-BF4B-00C04F79EFBC}") = "CouchBrowse", "CouchBrowse.csproj", "{9425D0DB-9C56-49DA-95D6-FB9293CE9D3D}"
EndProject
Project("{FAE04EC0-301F-11D3-BF4B-00C04F79EFBC}") = "LitJson", "LitJson\LitJson.csproj", "{67F185EA-F7DE-437C-8D57-A7C1AACFD705}"
EndProject
Project("{FAE04EC0-301F-11D3-BF4B-00C04F79EFBC}") = "SharpCouch", "SharpCouch\SharpCouch.csproj", "{4C9FD949-AF2E-403C-9AB1-ECD93DFB6DD7}"
EndProject
Global
	GlobalSection(SolutionConfigurationPlatforms) = preSolution
		Debug|Any CPU = Debug|Any CPU
		Release|Any CPU = Release|Any CPU
	EndGlobalSection
	GlobalSection(ProjectConfigurationPlatforms) = postSolution
		{9425D0DB-9C56-49DA-95D6-FB9293CE9D3D}.Debug|Any CPU.Build.0 = Debug|Any CPU
		{9425D0DB-9C56-49DA-95D6-FB9293CE9D3D}.Debug|Any CPU.ActiveCfg = Debug|Any CPU
		{9425D0DB-9C56-49DA-95D6-FB9293CE9D3D}.Release|Any CPU.Build.0 = Release|Any CPU
		{9425D0DB-9C56-49DA-95D6-FB9293CE9D3D}.Release|Any CPU.ActiveCfg = Release|Any CPU
		{67F185EA-F7DE-437C-8D57-A7C1AACFD705}.Debug|Any CPU.Build.0 = Debug|Any CPU
		{67F185EA-F7DE-437C-8D57-A7C1AACFD705}.Debug|Any CPU.ActiveCfg = Debug|Any CPU
		{67F185EA-F7DE-437C-8D57-A7C1AACFD705}.Release|Any CPU.Build.0 = Release|Any CPU
		{67F185EA-F7DE-437C-8D57-A7C1AACFD705}.Release|Any CPU.ActiveCfg = Release|Any CPU
		{4C9FD949-AF2E-403C-9AB1-ECD93DFB6DD7}.Debug|Any CPU.Build.0 = Debug|Any CPU
		{4C9FD949-AF2E-403C-9AB1-ECD93DFB6DD7}.Debug|Any CPU.ActiveCfg = Debug|Any CPU
		{4C9FD949-AF2E-403C-9AB1-ECD93DFB6DD7}.Release|Any CPU.Build.0 = Release|Any CPU
		{4C9FD949-AF2E-403C-9AB1-ECD93DFB6DD7}.Release|Any CPU.ActiveCfg = Release|Any CPU
	EndGlobalSection
EndGlobal
